// !$*UTF8*$!
{
	archiveVersion = 1;
	classes = {
	};
	objectVersion = 56;
	objects = {

/* Begin PBXBuildFile section */
		F4445A68295DE5A90053D9B0 /* AppDelegate.swift in Sources */ = {isa = PBXBuildFile; fileRef = F4445A67295DE5A90053D9B0 /* AppDelegate.swift */; };
		F4445A6B295DEB580053D9B0 /* Localizable.strings in Resources */ = {isa = PBXBuildFile; fileRef = F4445A6D295DEB580053D9B0 /* Localizable.strings */; };
		F4445A8F295E52810053D9B0 /* String.swift in Sources */ = {isa = PBXBuildFile; fileRef = F4445A8E295E52810053D9B0 /* String.swift */; };
		F4445A91295E58310053D9B0 /* GitBuddyAppMainViewModel.swift in Sources */ = {isa = PBXBuildFile; fileRef = F4445A90295E58310053D9B0 /* GitBuddyAppMainViewModel.swift */; };
		F4445AA0295E59790053D9B0 /* GitBuddyAppMainViewModelTest.swift in Sources */ = {isa = PBXBuildFile; fileRef = F4445A9F295E59790053D9B0 /* GitBuddyAppMainViewModelTest.swift */; };
		F4445AA3295E5C7F0053D9B0 /* BaseViewModel.swift in Sources */ = {isa = PBXBuildFile; fileRef = F4445AA2295E5C7F0053D9B0 /* BaseViewModel.swift */; };
		F4445AA5295E687D0053D9B0 /* NoPathSelectedView.swift in Sources */ = {isa = PBXBuildFile; fileRef = F4445AA4295E687D0053D9B0 /* NoPathSelectedView.swift */; };
		F4445AA8295E7BDB0053D9B0 /* RepoViewModel.swift in Sources */ = {isa = PBXBuildFile; fileRef = F4445AA7295E7BDB0053D9B0 /* RepoViewModel.swift */; };
		F447A38A2963B8D60056FDEF /* Loading.swift in Sources */ = {isa = PBXBuildFile; fileRef = F447A3892963B8D60056FDEF /* Loading.swift */; };
		F447A38E2963C2C00056FDEF /* ErrorAlert.swift in Sources */ = {isa = PBXBuildFile; fileRef = F447A38D2963C2C00056FDEF /* ErrorAlert.swift */; };
		F47CB917295DD7AD00A47BA8 /* GitBuddyApp.swift in Sources */ = {isa = PBXBuildFile; fileRef = F47CB916295DD7AD00A47BA8 /* GitBuddyApp.swift */; };
		F47CB919295DD7AD00A47BA8 /* RepoView.swift in Sources */ = {isa = PBXBuildFile; fileRef = F47CB918295DD7AD00A47BA8 /* RepoView.swift */; };
		F47CB91B295DD7AF00A47BA8 /* Assets.xcassets in Resources */ = {isa = PBXBuildFile; fileRef = F47CB91A295DD7AF00A47BA8 /* Assets.xcassets */; };
		F47CB91E295DD7AF00A47BA8 /* Preview Assets.xcassets in Resources */ = {isa = PBXBuildFile; fileRef = F47CB91D295DD7AF00A47BA8 /* Preview Assets.xcassets */; };
		F47CB928295DD82300A47BA8 /* GitCaller in Frameworks */ = {isa = PBXBuildFile; productRef = F47CB927295DD82300A47BA8 /* GitCaller */; };
		F4B0409429664485007AD99C /* CommitListView.swift in Sources */ = {isa = PBXBuildFile; fileRef = F4B0409329664485007AD99C /* CommitListView.swift */; };
		F4B04096296653CD007AD99C /* CommitItemView.swift in Sources */ = {isa = PBXBuildFile; fileRef = F4B04095296653CD007AD99C /* CommitItemView.swift */; };
		F4B04098296653F0007AD99C /* CommitTreeElementView.swift in Sources */ = {isa = PBXBuildFile; fileRef = F4B04097296653F0007AD99C /* CommitTreeElementView.swift */; };
		F4B0409A29665452007AD99C /* CommitListViewModel.swift in Sources */ = {isa = PBXBuildFile; fileRef = F4B0409929665452007AD99C /* CommitListViewModel.swift */; };
		F4B0409C29665561007AD99C /* CommitTreeItem+drawing.swift in Sources */ = {isa = PBXBuildFile; fileRef = F4B0409B29665561007AD99C /* CommitTreeItem+drawing.swift */; };
		F4B0409E29665B0F007AD99C /* TagCloudView.swift in Sources */ = {isa = PBXBuildFile; fileRef = F4B0409D29665B0F007AD99C /* TagCloudView.swift */; };
		F4B040A029665B3D007AD99C /* BadgeView.swift in Sources */ = {isa = PBXBuildFile; fileRef = F4B0409F29665B3D007AD99C /* BadgeView.swift */; };
		F4B040A229665BF4007AD99C /* Date.swift in Sources */ = {isa = PBXBuildFile; fileRef = F4B040A129665BF4007AD99C /* Date.swift */; };
		F4D6E501296B30C900C302C1 /* BranchListView.swift in Sources */ = {isa = PBXBuildFile; fileRef = F4D6E500296B30C900C302C1 /* BranchListView.swift */; };
		F4D6E503296B30D700C302C1 /* BranchListViewModel.swift in Sources */ = {isa = PBXBuildFile; fileRef = F4D6E502296B30D700C302C1 /* BranchListViewModel.swift */; };
		F4D6E506296B59C600C302C1 /* KeyValueRepository.swift in Sources */ = {isa = PBXBuildFile; fileRef = F4D6E505296B59C600C302C1 /* KeyValueRepository.swift */; };
		F4D6E508296B5B4100C302C1 /* LocalKeyValueRepository.swift in Sources */ = {isa = PBXBuildFile; fileRef = F4D6E507296B5B4100C302C1 /* LocalKeyValueRepository.swift */; };
		F4D6E50A296B6A4B00C302C1 /* OutdatedPillView.swift in Sources */ = {isa = PBXBuildFile; fileRef = F4D6E509296B6A4B00C302C1 /* OutdatedPillView.swift */; };
		F4D6E50C296B739900C302C1 /* ClearButton.swift in Sources */ = {isa = PBXBuildFile; fileRef = F4D6E50B296B739900C302C1 /* ClearButton.swift */; };
		F4D6E50E296B89EE00C302C1 /* ConditionalModifier.swift in Sources */ = {isa = PBXBuildFile; fileRef = F4D6E50D296B89EE00C302C1 /* ConditionalModifier.swift */; };
/* End PBXBuildFile section */

/* Begin PBXContainerItemProxy section */
		F4445A9A295E58790053D9B0 /* PBXContainerItemProxy */ = {
			isa = PBXContainerItemProxy;
			containerPortal = F47CB90B295DD7AD00A47BA8 /* Project object */;
			proxyType = 1;
			remoteGlobalIDString = F47CB912295DD7AD00A47BA8;
			remoteInfo = GitBuddy;
		};
/* End PBXContainerItemProxy section */

/* Begin PBXFileReference section */
		F4445A67295DE5A90053D9B0 /* AppDelegate.swift */ = {isa = PBXFileReference; lastKnownFileType = sourcecode.swift; path = AppDelegate.swift; sourceTree = "<group>"; };
		F4445A6C295DEB580053D9B0 /* en */ = {isa = PBXFileReference; lastKnownFileType = text.plist.strings; name = en; path = en.lproj/Localizable.strings; sourceTree = "<group>"; };
		F4445A8E295E52810053D9B0 /* String.swift */ = {isa = PBXFileReference; lastKnownFileType = sourcecode.swift; path = String.swift; sourceTree = "<group>"; };
		F4445A90295E58310053D9B0 /* GitBuddyAppMainViewModel.swift */ = {isa = PBXFileReference; lastKnownFileType = sourcecode.swift; path = GitBuddyAppMainViewModel.swift; sourceTree = "<group>"; };
		F4445A96295E58790053D9B0 /* GitBuddyTests.xctest */ = {isa = PBXFileReference; explicitFileType = wrapper.cfbundle; includeInIndex = 0; path = GitBuddyTests.xctest; sourceTree = BUILT_PRODUCTS_DIR; };
		F4445A9F295E59790053D9B0 /* GitBuddyAppMainViewModelTest.swift */ = {isa = PBXFileReference; lastKnownFileType = sourcecode.swift; path = GitBuddyAppMainViewModelTest.swift; sourceTree = "<group>"; };
		F4445AA2295E5C7F0053D9B0 /* BaseViewModel.swift */ = {isa = PBXFileReference; lastKnownFileType = sourcecode.swift; path = BaseViewModel.swift; sourceTree = "<group>"; };
		F4445AA4295E687D0053D9B0 /* NoPathSelectedView.swift */ = {isa = PBXFileReference; lastKnownFileType = sourcecode.swift; path = NoPathSelectedView.swift; sourceTree = "<group>"; };
		F4445AA7295E7BDB0053D9B0 /* RepoViewModel.swift */ = {isa = PBXFileReference; lastKnownFileType = sourcecode.swift; name = RepoViewModel.swift; path = ../../../../../../Desktop/RepoViewModel.swift; sourceTree = "<group>"; };
		F447A3892963B8D60056FDEF /* Loading.swift */ = {isa = PBXFileReference; lastKnownFileType = sourcecode.swift; path = Loading.swift; sourceTree = "<group>"; };
		F447A38D2963C2C00056FDEF /* ErrorAlert.swift */ = {isa = PBXFileReference; lastKnownFileType = sourcecode.swift; path = ErrorAlert.swift; sourceTree = "<group>"; };
		F47CB913295DD7AD00A47BA8 /* GitBuddy.app */ = {isa = PBXFileReference; explicitFileType = wrapper.application; includeInIndex = 0; path = GitBuddy.app; sourceTree = BUILT_PRODUCTS_DIR; };
		F47CB916295DD7AD00A47BA8 /* GitBuddyApp.swift */ = {isa = PBXFileReference; lastKnownFileType = sourcecode.swift; path = GitBuddyApp.swift; sourceTree = "<group>"; };
		F47CB918295DD7AD00A47BA8 /* RepoView.swift */ = {isa = PBXFileReference; lastKnownFileType = sourcecode.swift; path = RepoView.swift; sourceTree = "<group>"; };
		F47CB91A295DD7AF00A47BA8 /* Assets.xcassets */ = {isa = PBXFileReference; lastKnownFileType = folder.assetcatalog; path = Assets.xcassets; sourceTree = "<group>"; };
		F47CB91D295DD7AF00A47BA8 /* Preview Assets.xcassets */ = {isa = PBXFileReference; lastKnownFileType = folder.assetcatalog; path = "Preview Assets.xcassets"; sourceTree = "<group>"; };
		F47CB91F295DD7AF00A47BA8 /* GitBuddy.entitlements */ = {isa = PBXFileReference; lastKnownFileType = text.plist.entitlements; path = GitBuddy.entitlements; sourceTree = "<group>"; };
		F47CB925295DD80A00A47BA8 /* GitCaller */ = {isa = PBXFileReference; lastKnownFileType = wrapper; name = GitCaller; path = ../GitCaller; sourceTree = "<group>"; };
		F4B0409329664485007AD99C /* CommitListView.swift */ = {isa = PBXFileReference; lastKnownFileType = sourcecode.swift; path = CommitListView.swift; sourceTree = "<group>"; };
		F4B04095296653CD007AD99C /* CommitItemView.swift */ = {isa = PBXFileReference; lastKnownFileType = sourcecode.swift; path = CommitItemView.swift; sourceTree = "<group>"; };
		F4B04097296653F0007AD99C /* CommitTreeElementView.swift */ = {isa = PBXFileReference; lastKnownFileType = sourcecode.swift; path = CommitTreeElementView.swift; sourceTree = "<group>"; };
		F4B0409929665452007AD99C /* CommitListViewModel.swift */ = {isa = PBXFileReference; lastKnownFileType = sourcecode.swift; path = CommitListViewModel.swift; sourceTree = "<group>"; };
		F4B0409B29665561007AD99C /* CommitTreeItem+drawing.swift */ = {isa = PBXFileReference; lastKnownFileType = sourcecode.swift; path = "CommitTreeItem+drawing.swift"; sourceTree = "<group>"; };
		F4B0409D29665B0F007AD99C /* TagCloudView.swift */ = {isa = PBXFileReference; lastKnownFileType = sourcecode.swift; path = TagCloudView.swift; sourceTree = "<group>"; };
		F4B0409F29665B3D007AD99C /* BadgeView.swift */ = {isa = PBXFileReference; lastKnownFileType = sourcecode.swift; path = BadgeView.swift; sourceTree = "<group>"; };
		F4B040A129665BF4007AD99C /* Date.swift */ = {isa = PBXFileReference; lastKnownFileType = sourcecode.swift; path = Date.swift; sourceTree = "<group>"; };
		F4D6E500296B30C900C302C1 /* BranchListView.swift */ = {isa = PBXFileReference; lastKnownFileType = sourcecode.swift; path = BranchListView.swift; sourceTree = "<group>"; };
		F4D6E502296B30D700C302C1 /* BranchListViewModel.swift */ = {isa = PBXFileReference; lastKnownFileType = sourcecode.swift; path = BranchListViewModel.swift; sourceTree = "<group>"; };
		F4D6E505296B59C600C302C1 /* KeyValueRepository.swift */ = {isa = PBXFileReference; lastKnownFileType = sourcecode.swift; path = KeyValueRepository.swift; sourceTree = "<group>"; };
		F4D6E507296B5B4100C302C1 /* LocalKeyValueRepository.swift */ = {isa = PBXFileReference; lastKnownFileType = sourcecode.swift; path = LocalKeyValueRepository.swift; sourceTree = "<group>"; };
		F4D6E509296B6A4B00C302C1 /* OutdatedPillView.swift */ = {isa = PBXFileReference; lastKnownFileType = sourcecode.swift; path = OutdatedPillView.swift; sourceTree = "<group>"; };
		F4D6E50B296B739900C302C1 /* ClearButton.swift */ = {isa = PBXFileReference; lastKnownFileType = sourcecode.swift; path = ClearButton.swift; sourceTree = "<group>"; };
		F4D6E50D296B89EE00C302C1 /* ConditionalModifier.swift */ = {isa = PBXFileReference; lastKnownFileType = sourcecode.swift; path = ConditionalModifier.swift; sourceTree = "<group>"; };
/* End PBXFileReference section */

/* Begin PBXFrameworksBuildPhase section */
		F4445A93295E58790053D9B0 /* Frameworks */ = {
			isa = PBXFrameworksBuildPhase;
			buildActionMask = 2147483647;
			files = (
			);
			runOnlyForDeploymentPostprocessing = 0;
		};
		F47CB910295DD7AD00A47BA8 /* Frameworks */ = {
			isa = PBXFrameworksBuildPhase;
			buildActionMask = 2147483647;
			files = (
				F47CB928295DD82300A47BA8 /* GitCaller in Frameworks */,
			);
			runOnlyForDeploymentPostprocessing = 0;
		};
/* End PBXFrameworksBuildPhase section */

/* Begin PBXGroup section */
		F4445A8D295E526E0053D9B0 /* Extensions */ = {
			isa = PBXGroup;
			children = (
				F4445A8E295E52810053D9B0 /* String.swift */,
				F4B040A129665BF4007AD99C /* Date.swift */,
			);
			path = Extensions;
			sourceTree = "<group>";
		};
		F4445A97295E58790053D9B0 /* GitBuddyTests */ = {
			isa = PBXGroup;
			children = (
				F4445A9F295E59790053D9B0 /* GitBuddyAppMainViewModelTest.swift */,
			);
			path = GitBuddyTests;
			sourceTree = "<group>";
		};
		F4445AA1295E5C400053D9B0 /* Views */ = {
			isa = PBXGroup;
			children = (
				F447A38C2963C29D0056FDEF /* General */,
				F447A3882963B8C60056FDEF /* Helper */,
				F4445AA6295E6A880053D9B0 /* Repository */,
				F47CB916295DD7AD00A47BA8 /* GitBuddyApp.swift */,
				F4445A90295E58310053D9B0 /* GitBuddyAppMainViewModel.swift */,
				F4445AA2295E5C7F0053D9B0 /* BaseViewModel.swift */,
				F4445AA4295E687D0053D9B0 /* NoPathSelectedView.swift */,
			);
			path = Views;
			sourceTree = "<group>";
		};
		F4445AA6295E6A880053D9B0 /* Repository */ = {
			isa = PBXGroup;
			children = (
				F4D6E4FF296B30B800C302C1 /* BranchList */,
				F4B0409229664459007AD99C /* CommitList */,
				F47CB918295DD7AD00A47BA8 /* RepoView.swift */,
				F4445AA7295E7BDB0053D9B0 /* RepoViewModel.swift */,
			);
			path = Repository;
			sourceTree = "<group>";
		};
		F447A3882963B8C60056FDEF /* Helper */ = {
			isa = PBXGroup;
			children = (
				F447A3892963B8D60056FDEF /* Loading.swift */,
				F447A38D2963C2C00056FDEF /* ErrorAlert.swift */,
				F4D6E50B296B739900C302C1 /* ClearButton.swift */,
				F4D6E50D296B89EE00C302C1 /* ConditionalModifier.swift */,
			);
			path = Helper;
			sourceTree = "<group>";
		};
		F447A38C2963C29D0056FDEF /* General */ = {
			isa = PBXGroup;
			children = (
				F4B0409F29665B3D007AD99C /* BadgeView.swift */,
				F4D6E509296B6A4B00C302C1 /* OutdatedPillView.swift */,
			);
			path = General;
			sourceTree = "<group>";
		};
		F47CB90A295DD7AD00A47BA8 = {
			isa = PBXGroup;
			children = (
				F47CB925295DD80A00A47BA8 /* GitCaller */,
				F47CB915295DD7AD00A47BA8 /* GitBuddy */,
				F4445A97295E58790053D9B0 /* GitBuddyTests */,
				F47CB914295DD7AD00A47BA8 /* Products */,
				F47CB926295DD82300A47BA8 /* Frameworks */,
			);
			sourceTree = "<group>";
		};
		F47CB914295DD7AD00A47BA8 /* Products */ = {
			isa = PBXGroup;
			children = (
				F47CB913295DD7AD00A47BA8 /* GitBuddy.app */,
				F4445A96295E58790053D9B0 /* GitBuddyTests.xctest */,
			);
			name = Products;
			sourceTree = "<group>";
		};
		F47CB915295DD7AD00A47BA8 /* GitBuddy */ = {
			isa = PBXGroup;
			children = (
				F4D6E504296B59AF00C302C1 /* Repositories */,
				F4B040A329666D22007AD99C /* Model */,
				F4445AA1295E5C400053D9B0 /* Views */,
				F4445A8D295E526E0053D9B0 /* Extensions */,
				F47CB91A295DD7AF00A47BA8 /* Assets.xcassets */,
				F47CB91F295DD7AF00A47BA8 /* GitBuddy.entitlements */,
				F47CB91C295DD7AF00A47BA8 /* Preview Content */,
				F4445A67295DE5A90053D9B0 /* AppDelegate.swift */,
				F4445A6D295DEB580053D9B0 /* Localizable.strings */,
			);
			path = GitBuddy;
			sourceTree = "<group>";
		};
		F47CB91C295DD7AF00A47BA8 /* Preview Content */ = {
			isa = PBXGroup;
			children = (
				F47CB91D295DD7AF00A47BA8 /* Preview Assets.xcassets */,
			);
			path = "Preview Content";
			sourceTree = "<group>";
		};
		F47CB926295DD82300A47BA8 /* Frameworks */ = {
			isa = PBXGroup;
			children = (
			);
			name = Frameworks;
			sourceTree = "<group>";
		};
		F4B0409229664459007AD99C /* CommitList */ = {
			isa = PBXGroup;
			children = (
				F4B0409329664485007AD99C /* CommitListView.swift */,
				F4B04095296653CD007AD99C /* CommitItemView.swift */,
				F4B04097296653F0007AD99C /* CommitTreeElementView.swift */,
				F4B0409929665452007AD99C /* CommitListViewModel.swift */,
				F4B0409B29665561007AD99C /* CommitTreeItem+drawing.swift */,
				F4B0409D29665B0F007AD99C /* TagCloudView.swift */,
			);
			path = CommitList;
			sourceTree = "<group>";
		};
		F4B040A329666D22007AD99C /* Model */ = {
			isa = PBXGroup;
			children = (
			);
			path = Model;
			sourceTree = "<group>";
		};
		F4D6E4FF296B30B800C302C1 /* BranchList */ = {
			isa = PBXGroup;
			children = (
				F4D6E500296B30C900C302C1 /* BranchListView.swift */,
				F4D6E502296B30D700C302C1 /* BranchListViewModel.swift */,
			);
			path = BranchList;
			sourceTree = "<group>";
		};
		F4D6E504296B59AF00C302C1 /* Repositories */ = {
			isa = PBXGroup;
			children = (
				F4D6E505296B59C600C302C1 /* KeyValueRepository.swift */,
				F4D6E507296B5B4100C302C1 /* LocalKeyValueRepository.swift */,
			);
			path = Repositories;
			sourceTree = "<group>";
		};
/* End PBXGroup section */

/* Begin PBXNativeTarget section */
		F4445A95295E58790053D9B0 /* GitBuddyTests */ = {
			isa = PBXNativeTarget;
			buildConfigurationList = F4445A9C295E58790053D9B0 /* Build configuration list for PBXNativeTarget "GitBuddyTests" */;
			buildPhases = (
				F4445A92295E58790053D9B0 /* Sources */,
				F4445A93295E58790053D9B0 /* Frameworks */,
				F4445A94295E58790053D9B0 /* Resources */,
			);
			buildRules = (
			);
			dependencies = (
				F4445A9B295E58790053D9B0 /* PBXTargetDependency */,
			);
			name = GitBuddyTests;
			productName = GitBuddyTests;
			productReference = F4445A96295E58790053D9B0 /* GitBuddyTests.xctest */;
			productType = "com.apple.product-type.bundle.unit-test";
		};
		F47CB912295DD7AD00A47BA8 /* GitBuddy */ = {
			isa = PBXNativeTarget;
			buildConfigurationList = F47CB922295DD7AF00A47BA8 /* Build configuration list for PBXNativeTarget "GitBuddy" */;
			buildPhases = (
				F47CB90F295DD7AD00A47BA8 /* Sources */,
				F47CB910295DD7AD00A47BA8 /* Frameworks */,
				F47CB911295DD7AD00A47BA8 /* Resources */,
			);
			buildRules = (
			);
			dependencies = (
			);
			name = GitBuddy;
			packageProductDependencies = (
				F47CB927295DD82300A47BA8 /* GitCaller */,
			);
			productName = GitBuddy;
			productReference = F47CB913295DD7AD00A47BA8 /* GitBuddy.app */;
			productType = "com.apple.product-type.application";
		};
/* End PBXNativeTarget section */

/* Begin PBXProject section */
		F47CB90B295DD7AD00A47BA8 /* Project object */ = {
			isa = PBXProject;
			attributes = {
				BuildIndependentTargetsInParallel = 1;
				LastSwiftUpdateCheck = 1410;
				LastUpgradeCheck = 1410;
				TargetAttributes = {
					F4445A95295E58790053D9B0 = {
						CreatedOnToolsVersion = 14.1;
						LastSwiftMigration = 1410;
						TestTargetID = F47CB912295DD7AD00A47BA8;
					};
					F47CB912295DD7AD00A47BA8 = {
						CreatedOnToolsVersion = 14.1;
					};
				};
			};
			buildConfigurationList = F47CB90E295DD7AD00A47BA8 /* Build configuration list for PBXProject "GitBuddy" */;
			compatibilityVersion = "Xcode 14.0";
			developmentRegion = en;
			hasScannedForEncodings = 0;
			knownRegions = (
				en,
				Base,
			);
			mainGroup = F47CB90A295DD7AD00A47BA8;
			productRefGroup = F47CB914295DD7AD00A47BA8 /* Products */;
			projectDirPath = "";
			projectRoot = "";
			targets = (
				F47CB912295DD7AD00A47BA8 /* GitBuddy */,
				F4445A95295E58790053D9B0 /* GitBuddyTests */,
			);
		};
/* End PBXProject section */

/* Begin PBXResourcesBuildPhase section */
		F4445A94295E58790053D9B0 /* Resources */ = {
			isa = PBXResourcesBuildPhase;
			buildActionMask = 2147483647;
			files = (
			);
			runOnlyForDeploymentPostprocessing = 0;
		};
		F47CB911295DD7AD00A47BA8 /* Resources */ = {
			isa = PBXResourcesBuildPhase;
			buildActionMask = 2147483647;
			files = (
				F47CB91E295DD7AF00A47BA8 /* Preview Assets.xcassets in Resources */,
				F4445A6B295DEB580053D9B0 /* Localizable.strings in Resources */,
				F47CB91B295DD7AF00A47BA8 /* Assets.xcassets in Resources */,
			);
			runOnlyForDeploymentPostprocessing = 0;
		};
/* End PBXResourcesBuildPhase section */

/* Begin PBXSourcesBuildPhase section */
		F4445A92295E58790053D9B0 /* Sources */ = {
			isa = PBXSourcesBuildPhase;
			buildActionMask = 2147483647;
			files = (
				F4445AA0295E59790053D9B0 /* GitBuddyAppMainViewModelTest.swift in Sources */,
			);
			runOnlyForDeploymentPostprocessing = 0;
		};
		F47CB90F295DD7AD00A47BA8 /* Sources */ = {
			isa = PBXSourcesBuildPhase;
			buildActionMask = 2147483647;
			files = (
				F4445AA8295E7BDB0053D9B0 /* RepoViewModel.swift in Sources */,
				F447A38A2963B8D60056FDEF /* Loading.swift in Sources */,
				F4445A91295E58310053D9B0 /* GitBuddyAppMainViewModel.swift in Sources */,
				F4445A68295DE5A90053D9B0 /* AppDelegate.swift in Sources */,
				F47CB919295DD7AD00A47BA8 /* RepoView.swift in Sources */,
				F447A38E2963C2C00056FDEF /* ErrorAlert.swift in Sources */,
				F4B040A029665B3D007AD99C /* BadgeView.swift in Sources */,
				F4D6E50C296B739900C302C1 /* ClearButton.swift in Sources */,
				F4B0409E29665B0F007AD99C /* TagCloudView.swift in Sources */,
				F4B0409C29665561007AD99C /* CommitTreeItem+drawing.swift in Sources */,
				F4D6E508296B5B4100C302C1 /* LocalKeyValueRepository.swift in Sources */,
				F4D6E501296B30C900C302C1 /* BranchListView.swift in Sources */,
				F4D6E503296B30D700C302C1 /* BranchListViewModel.swift in Sources */,
				F4B04098296653F0007AD99C /* CommitTreeElementView.swift in Sources */,
				F4445AA5295E687D0053D9B0 /* NoPathSelectedView.swift in Sources */,
				F4445A8F295E52810053D9B0 /* String.swift in Sources */,
				F4B04096296653CD007AD99C /* CommitItemView.swift in Sources */,
				F47CB917295DD7AD00A47BA8 /* GitBuddyApp.swift in Sources */,
				F4D6E50A296B6A4B00C302C1 /* OutdatedPillView.swift in Sources */,
				F4D6E506296B59C600C302C1 /* KeyValueRepository.swift in Sources */,
				F4B0409A29665452007AD99C /* CommitListViewModel.swift in Sources */,
				F4D6E50E296B89EE00C302C1 /* ConditionalModifier.swift in Sources */,
				F4B040A229665BF4007AD99C /* Date.swift in Sources */,
				F4445AA3295E5C7F0053D9B0 /* BaseViewModel.swift in Sources */,
				F4B0409429664485007AD99C /* CommitListView.swift in Sources */,
			);
			runOnlyForDeploymentPostprocessing = 0;
		};
/* End PBXSourcesBuildPhase section */

/* Begin PBXTargetDependency section */
		F4445A9B295E58790053D9B0 /* PBXTargetDependency */ = {
			isa = PBXTargetDependency;
			target = F47CB912295DD7AD00A47BA8 /* GitBuddy */;
			targetProxy = F4445A9A295E58790053D9B0 /* PBXContainerItemProxy */;
		};
/* End PBXTargetDependency section */

/* Begin PBXVariantGroup section */
		F4445A6D295DEB580053D9B0 /* Localizable.strings */ = {
			isa = PBXVariantGroup;
			children = (
				F4445A6C295DEB580053D9B0 /* en */,
			);
			name = Localizable.strings;
			sourceTree = "<group>";
		};
/* End PBXVariantGroup section */

/* Begin XCBuildConfiguration section */
		F4445A9D295E58790053D9B0 /* Debug */ = {
			isa = XCBuildConfiguration;
			buildSettings = {
				BUNDLE_LOADER = "$(TEST_HOST)";
				CLANG_ENABLE_MODULES = YES;
				CODE_SIGN_STYLE = Automatic;
				CURRENT_PROJECT_VERSION = 1;
				DEVELOPMENT_TEAM = 3SXRZ8J7UJ;
				GENERATE_INFOPLIST_FILE = YES;
				LD_RUNPATH_SEARCH_PATHS = (
					"$(inherited)",
					"@executable_path/../Frameworks",
					"@loader_path/../Frameworks",
				);
				MACOSX_DEPLOYMENT_TARGET = 13.0;
				MARKETING_VERSION = 1.0;
				PRODUCT_BUNDLE_IDENTIFIER = com.hellmann.GitBuddyTests;
				PRODUCT_NAME = "$(TARGET_NAME)";
				SWIFT_EMIT_LOC_STRINGS = NO;
				SWIFT_OPTIMIZATION_LEVEL = "-Onone";
				SWIFT_VERSION = 5.0;
				TEST_HOST = "$(BUILT_PRODUCTS_DIR)/GitBuddy.app/$(BUNDLE_EXECUTABLE_FOLDER_PATH)/GitBuddy";
			};
			name = Debug;
		};
		F4445A9E295E58790053D9B0 /* Release */ = {
			isa = XCBuildConfiguration;
			buildSettings = {
				BUNDLE_LOADER = "$(TEST_HOST)";
				CLANG_ENABLE_MODULES = YES;
				CODE_SIGN_STYLE = Automatic;
				CURRENT_PROJECT_VERSION = 1;
				DEVELOPMENT_TEAM = 3SXRZ8J7UJ;
				GENERATE_INFOPLIST_FILE = YES;
				LD_RUNPATH_SEARCH_PATHS = (
					"$(inherited)",
					"@executable_path/../Frameworks",
					"@loader_path/../Frameworks",
				);
				MACOSX_DEPLOYMENT_TARGET = 13.0;
				MARKETING_VERSION = 1.0;
				PRODUCT_BUNDLE_IDENTIFIER = com.hellmann.GitBuddyTests;
				PRODUCT_NAME = "$(TARGET_NAME)";
				SWIFT_EMIT_LOC_STRINGS = NO;
				SWIFT_VERSION = 5.0;
				TEST_HOST = "$(BUILT_PRODUCTS_DIR)/GitBuddy.app/$(BUNDLE_EXECUTABLE_FOLDER_PATH)/GitBuddy";
			};
			name = Release;
		};
		F47CB920295DD7AF00A47BA8 /* Debug */ = {
			isa = XCBuildConfiguration;
			buildSettings = {
				ALWAYS_SEARCH_USER_PATHS = NO;
				CLANG_ANALYZER_LOCALIZABILITY_NONLOCALIZED = YES;
				CLANG_ANALYZER_NONNULL = YES;
				CLANG_ANALYZER_NUMBER_OBJECT_CONVERSION = YES_AGGRESSIVE;
				CLANG_CXX_LANGUAGE_STANDARD = "gnu++20";
				CLANG_ENABLE_MODULES = YES;
				CLANG_ENABLE_OBJC_ARC = YES;
				CLANG_ENABLE_OBJC_WEAK = YES;
				CLANG_WARN_BLOCK_CAPTURE_AUTORELEASING = YES;
				CLANG_WARN_BOOL_CONVERSION = YES;
				CLANG_WARN_COMMA = YES;
				CLANG_WARN_CONSTANT_CONVERSION = YES;
				CLANG_WARN_DEPRECATED_OBJC_IMPLEMENTATIONS = YES;
				CLANG_WARN_DIRECT_OBJC_ISA_USAGE = YES_ERROR;
				CLANG_WARN_DOCUMENTATION_COMMENTS = YES;
				CLANG_WARN_EMPTY_BODY = YES;
				CLANG_WARN_ENUM_CONVERSION = YES;
				CLANG_WARN_INFINITE_RECURSION = YES;
				CLANG_WARN_INT_CONVERSION = YES;
				CLANG_WARN_NON_LITERAL_NULL_CONVERSION = YES;
				CLANG_WARN_OBJC_IMPLICIT_RETAIN_SELF = YES;
				CLANG_WARN_OBJC_LITERAL_CONVERSION = YES;
				CLANG_WARN_OBJC_ROOT_CLASS = YES_ERROR;
				CLANG_WARN_QUOTED_INCLUDE_IN_FRAMEWORK_HEADER = YES;
				CLANG_WARN_RANGE_LOOP_ANALYSIS = YES;
				CLANG_WARN_STRICT_PROTOTYPES = YES;
				CLANG_WARN_SUSPICIOUS_MOVE = YES;
				CLANG_WARN_UNGUARDED_AVAILABILITY = YES_AGGRESSIVE;
				CLANG_WARN_UNREACHABLE_CODE = YES;
				CLANG_WARN__DUPLICATE_METHOD_MATCH = YES;
				COPY_PHASE_STRIP = NO;
				DEBUG_INFORMATION_FORMAT = dwarf;
				ENABLE_STRICT_OBJC_MSGSEND = YES;
				ENABLE_TESTABILITY = YES;
				GCC_C_LANGUAGE_STANDARD = gnu11;
				GCC_DYNAMIC_NO_PIC = NO;
				GCC_NO_COMMON_BLOCKS = YES;
				GCC_OPTIMIZATION_LEVEL = 0;
				GCC_PREPROCESSOR_DEFINITIONS = (
					"DEBUG=1",
					"$(inherited)",
				);
				GCC_WARN_64_TO_32_BIT_CONVERSION = YES;
				GCC_WARN_ABOUT_RETURN_TYPE = YES_ERROR;
				GCC_WARN_UNDECLARED_SELECTOR = YES;
				GCC_WARN_UNINITIALIZED_AUTOS = YES_AGGRESSIVE;
				GCC_WARN_UNUSED_FUNCTION = YES;
				GCC_WARN_UNUSED_VARIABLE = YES;
				MACOSX_DEPLOYMENT_TARGET = 12.6;
				MTL_ENABLE_DEBUG_INFO = INCLUDE_SOURCE;
				MTL_FAST_MATH = YES;
				ONLY_ACTIVE_ARCH = YES;
				SDKROOT = macosx;
				SWIFT_ACTIVE_COMPILATION_CONDITIONS = DEBUG;
				SWIFT_OPTIMIZATION_LEVEL = "-Onone";
			};
			name = Debug;
		};
		F47CB921295DD7AF00A47BA8 /* Release */ = {
			isa = XCBuildConfiguration;
			buildSettings = {
				ALWAYS_SEARCH_USER_PATHS = NO;
				CLANG_ANALYZER_LOCALIZABILITY_NONLOCALIZED = YES;
				CLANG_ANALYZER_NONNULL = YES;
				CLANG_ANALYZER_NUMBER_OBJECT_CONVERSION = YES_AGGRESSIVE;
				CLANG_CXX_LANGUAGE_STANDARD = "gnu++20";
				CLANG_ENABLE_MODULES = YES;
				CLANG_ENABLE_OBJC_ARC = YES;
				CLANG_ENABLE_OBJC_WEAK = YES;
				CLANG_WARN_BLOCK_CAPTURE_AUTORELEASING = YES;
				CLANG_WARN_BOOL_CONVERSION = YES;
				CLANG_WARN_COMMA = YES;
				CLANG_WARN_CONSTANT_CONVERSION = YES;
				CLANG_WARN_DEPRECATED_OBJC_IMPLEMENTATIONS = YES;
				CLANG_WARN_DIRECT_OBJC_ISA_USAGE = YES_ERROR;
				CLANG_WARN_DOCUMENTATION_COMMENTS = YES;
				CLANG_WARN_EMPTY_BODY = YES;
				CLANG_WARN_ENUM_CONVERSION = YES;
				CLANG_WARN_INFINITE_RECURSION = YES;
				CLANG_WARN_INT_CONVERSION = YES;
				CLANG_WARN_NON_LITERAL_NULL_CONVERSION = YES;
				CLANG_WARN_OBJC_IMPLICIT_RETAIN_SELF = YES;
				CLANG_WARN_OBJC_LITERAL_CONVERSION = YES;
				CLANG_WARN_OBJC_ROOT_CLASS = YES_ERROR;
				CLANG_WARN_QUOTED_INCLUDE_IN_FRAMEWORK_HEADER = YES;
				CLANG_WARN_RANGE_LOOP_ANALYSIS = YES;
				CLANG_WARN_STRICT_PROTOTYPES = YES;
				CLANG_WARN_SUSPICIOUS_MOVE = YES;
				CLANG_WARN_UNGUARDED_AVAILABILITY = YES_AGGRESSIVE;
				CLANG_WARN_UNREACHABLE_CODE = YES;
				CLANG_WARN__DUPLICATE_METHOD_MATCH = YES;
				COPY_PHASE_STRIP = NO;
				DEBUG_INFORMATION_FORMAT = "dwarf-with-dsym";
				ENABLE_NS_ASSERTIONS = NO;
				ENABLE_STRICT_OBJC_MSGSEND = YES;
				GCC_C_LANGUAGE_STANDARD = gnu11;
				GCC_NO_COMMON_BLOCKS = YES;
				GCC_WARN_64_TO_32_BIT_CONVERSION = YES;
				GCC_WARN_ABOUT_RETURN_TYPE = YES_ERROR;
				GCC_WARN_UNDECLARED_SELECTOR = YES;
				GCC_WARN_UNINITIALIZED_AUTOS = YES_AGGRESSIVE;
				GCC_WARN_UNUSED_FUNCTION = YES;
				GCC_WARN_UNUSED_VARIABLE = YES;
				MACOSX_DEPLOYMENT_TARGET = 12.6;
				MTL_ENABLE_DEBUG_INFO = NO;
				MTL_FAST_MATH = YES;
				SDKROOT = macosx;
				SWIFT_COMPILATION_MODE = wholemodule;
				SWIFT_OPTIMIZATION_LEVEL = "-O";
			};
			name = Release;
		};
		F47CB923295DD7AF00A47BA8 /* Debug */ = {
			isa = XCBuildConfiguration;
			buildSettings = {
				ASSETCATALOG_COMPILER_APPICON_NAME = AppIcon;
				ASSETCATALOG_COMPILER_GLOBAL_ACCENT_COLOR_NAME = AccentColor;
				CODE_SIGN_ENTITLEMENTS = GitBuddy/GitBuddy.entitlements;
				CODE_SIGN_STYLE = Automatic;
				COMBINE_HIDPI_IMAGES = YES;
				CURRENT_PROJECT_VERSION = 1;
				DEVELOPMENT_ASSET_PATHS = "\"GitBuddy/Preview Content\"";
				DEVELOPMENT_TEAM = 3SXRZ8J7UJ;
				ENABLE_HARDENED_RUNTIME = YES;
				ENABLE_PREVIEWS = YES;
				GENERATE_INFOPLIST_FILE = YES;
				INFOPLIST_KEY_CFBundleDisplayName = "Git Buddy";
				INFOPLIST_KEY_NSHumanReadableCopyright = "";
				LD_RUNPATH_SEARCH_PATHS = (
					"$(inherited)",
					"@executable_path/../Frameworks",
				);
				MACOSX_DEPLOYMENT_TARGET = 13.0;
				MARKETING_VERSION = 1.0;
				PRODUCT_BUNDLE_IDENTIFIER = com.hellmann.GitBuddy;
				PRODUCT_NAME = "$(TARGET_NAME)";
				SWIFT_EMIT_LOC_STRINGS = YES;
				SWIFT_VERSION = 5.0;
			};
			name = Debug;
		};
		F47CB924295DD7AF00A47BA8 /* Release */ = {
			isa = XCBuildConfiguration;
			buildSettings = {
				ASSETCATALOG_COMPILER_APPICON_NAME = AppIcon;
				ASSETCATALOG_COMPILER_GLOBAL_ACCENT_COLOR_NAME = AccentColor;
				CODE_SIGN_ENTITLEMENTS = GitBuddy/GitBuddy.entitlements;
				CODE_SIGN_STYLE = Automatic;
				COMBINE_HIDPI_IMAGES = YES;
				CURRENT_PROJECT_VERSION = 1;
				DEVELOPMENT_ASSET_PATHS = "\"GitBuddy/Preview Content\"";
				DEVELOPMENT_TEAM = 3SXRZ8J7UJ;
				ENABLE_HARDENED_RUNTIME = YES;
				ENABLE_PREVIEWS = YES;
				GENERATE_INFOPLIST_FILE = YES;
				INFOPLIST_KEY_CFBundleDisplayName = "Git Buddy";
				INFOPLIST_KEY_NSHumanReadableCopyright = "";
				LD_RUNPATH_SEARCH_PATHS = (
					"$(inherited)",
					"@executable_path/../Frameworks",
				);
				MACOSX_DEPLOYMENT_TARGET = 13.0;
				MARKETING_VERSION = 1.0;
				PRODUCT_BUNDLE_IDENTIFIER = com.hellmann.GitBuddy;
				PRODUCT_NAME = "$(TARGET_NAME)";
				SWIFT_EMIT_LOC_STRINGS = YES;
				SWIFT_VERSION = 5.0;
			};
			name = Release;
		};
/* End XCBuildConfiguration section */

/* Begin XCConfigurationList section */
		F4445A9C295E58790053D9B0 /* Build configuration list for PBXNativeTarget "GitBuddyTests" */ = {
			isa = XCConfigurationList;
			buildConfigurations = (
				F4445A9D295E58790053D9B0 /* Debug */,
				F4445A9E295E58790053D9B0 /* Release */,
			);
			defaultConfigurationIsVisible = 0;
			defaultConfigurationName = Release;
		};
		F47CB90E295DD7AD00A47BA8 /* Build configuration list for PBXProject "GitBuddy" */ = {
			isa = XCConfigurationList;
			buildConfigurations = (
				F47CB920295DD7AF00A47BA8 /* Debug */,
				F47CB921295DD7AF00A47BA8 /* Release */,
			);
			defaultConfigurationIsVisible = 0;
			defaultConfigurationName = Release;
		};
		F47CB922295DD7AF00A47BA8 /* Build configuration list for PBXNativeTarget "GitBuddy" */ = {
			isa = XCConfigurationList;
			buildConfigurations = (
				F47CB923295DD7AF00A47BA8 /* Debug */,
				F47CB924295DD7AF00A47BA8 /* Release */,
			);
			defaultConfigurationIsVisible = 0;
			defaultConfigurationName = Release;
		};
/* End XCConfigurationList section */

/* Begin XCSwiftPackageProductDependency section */
		F47CB927295DD82300A47BA8 /* GitCaller */ = {
			isa = XCSwiftPackageProductDependency;
			productName = GitCaller;
		};
/* End XCSwiftPackageProductDependency section */
	};
	rootObject = F47CB90B295DD7AD00A47BA8 /* Project object */;
}
