{
  "pins" : [
    {
      "identity" : "gitcaller",
      "kind" : "remoteSourceControl",
      "location" : "https://github.com/klein-artur/GitCaller",
      "state" : {
        "branch" : "develop",
        "revision" : "931eae8ef6978c411d878fe04268e05095fb7179"
      }
    }
  ],
  "version" : 2
}
