{
  "pins" : [
    {
      "identity" : "gitcaller",
      "kind" : "remoteSourceControl",
      "location" : "https://github.com/klein-artur/GitCaller",
      "state" : {
        "branch" : "develop",
        "revision" : "dc57eb5070be335f29116ac983562ff7fd4e3ae4"
      }
    }
  ],
  "version" : 2
}
