{
  "pins" : [
    {
      "identity" : "gitcaller",
      "kind" : "remoteSourceControl",
      "location" : "https://github.com/klein-artur/GitCaller",
      "state" : {
        "branch" : "develop",
        "revision" : "7908cb84ec752f9c57e004a069419f015d9bb426"
      }
    }
  ],
  "version" : 2
}
